// !$*UTF8*$!
{
	archiveVersion = 1;
	classes = {
	};
	objectVersion = 77;
	objects = {

/* Begin PBXContainerItemProxy section */
		F151DED92E11CB1600B8920F /* PBXContainerItemProxy */ = {
			isa = PBXContainerItemProxy;
			containerPortal = F151DEBE2E11CB1300B8920F /* Project object */;
			proxyType = 1;
			remoteGlobalIDString = F151DEC52E11CB1300B8920F;
			remoteInfo = LivePhotos;
		};
		F151DEE32E11CB1600B8920F /* PBXContainerItemProxy */ = {
			isa = PBXContainerItemProxy;
			containerPortal = F151DEBE2E11CB1300B8920F /* Project object */;
			proxyType = 1;
			remoteGlobalIDString = F151DEC52E11CB1300B8920F;
			remoteInfo = LivePhotos;
		};
/* End PBXContainerItemProxy section */

/* Begin PBXFileReference section */
		F151DEC62E11CB1300B8920F /* LivePhotos.app */ = {isa = PBXFileReference; explicitFileType = wrapper.application; includeInIndex = 0; path = LivePhotos.app; sourceTree = BUILT_PRODUCTS_DIR; };
		F151DED82E11CB1600B8920F /* LivePhotosTests.xctest */ = {isa = PBXFileReference; explicitFileType = wrapper.cfbundle; includeInIndex = 0; name = LivePhotosTests.xctest; path = "/Users/anu/Desktop/Olorin/Apps Stage 2/LivePhotos/build/Debug-iphoneos/LivePhotos.app/PlugIns/LivePhotosTests.xctest"; sourceTree = "<absolute>"; };
		F151DEE22E11CB1600B8920F /* LivePhotosUITests.xctest */ = {isa = PBXFileReference; explicitFileType = wrapper.cfbundle; includeInIndex = 0; name = LivePhotosUITests.xctest; path = "/Users/anu/Desktop/Olorin/Apps Stage 2/LivePhotos/build/Debug-iphoneos/LivePhotosUITests-Runner.app/PlugIns/LivePhotosUITests.xctest"; sourceTree = "<absolute>"; };
		F151DF082E13140100B8920F /* .gitignore */ = {isa = PBXFileReference; lastKnownFileType = text; path = .gitignore; sourceTree = "<group>"; };
/* End PBXFileReference section */

/* Begin PBXFileSystemSynchronizedBuildFileExceptionSet section */
		F151DEFE2E11EEB100B8920F /* Exceptions for "LivePhotos" folder in "LivePhotos" target */ = {
			isa = PBXFileSystemSynchronizedBuildFileExceptionSet;
			membershipExceptions = (
				Info.plist,
			);
			target = F151DEC52E11CB1300B8920F /* LivePhotos */;
		};
/* End PBXFileSystemSynchronizedBuildFileExceptionSet section */

/* Begin PBXFileSystemSynchronizedRootGroup section */
		F151DEC82E11CB1300B8920F /* LivePhotos */ = {
			isa = PBXFileSystemSynchronizedRootGroup;
			exceptions = (
				F151DEFE2E11EEB100B8920F /* Exceptions for "LivePhotos" folder in "LivePhotos" target */,
			);
			path = LivePhotos;
			sourceTree = "<group>";
		};
/* End PBXFileSystemSynchronizedRootGroup section */

/* Begin PBXFrameworksBuildPhase section */
		F151DEC32E11CB1300B8920F /* Frameworks */ = {
			isa = PBXFrameworksBuildPhase;
			buildActionMask = 2147483647;
			files = (
			);
			runOnlyForDeploymentPostprocessing = 0;
		};
		F151DED52E11CB1600B8920F /* Frameworks */ = {
			isa = PBXFrameworksBuildPhase;
			buildActionMask = 2147483647;
			files = (
			);
			runOnlyForDeploymentPostprocessing = 0;
		};
		F151DEDF2E11CB1600B8920F /* Frameworks */ = {
			isa = PBXFrameworksBuildPhase;
			buildActionMask = 2147483647;
			files = (
			);
			runOnlyForDeploymentPostprocessing = 0;
		};
/* End PBXFrameworksBuildPhase section */

/* Begin PBXGroup section */
		F151DEBD2E11CB1300B8920F = {
			isa = PBXGroup;
			children = (
				F151DF072E1313D200B8920F /* Git */,
				F151DEC72E11CB1300B8920F /* Products */,
				F151DEC82E11CB1300B8920F /* LivePhotos */,
			);
			sourceTree = "<group>";
		};
		F151DEC72E11CB1300B8920F /* Products */ = {
			isa = PBXGroup;
			children = (
				F151DEC62E11CB1300B8920F /* LivePhotos.app */,
			);
			name = Products;
			sourceTree = "<group>";
		};
		F151DF072E1313D200B8920F /* Git */ = {
			isa = PBXGroup;
			children = (
				F151DF082E13140100B8920F /* .gitignore */,
			);
			path = Git;
			sourceTree = "<group>";
		};
/* End PBXGroup section */

/* Begin PBXNativeTarget section */
		F151DEC52E11CB1300B8920F /* LivePhotos */ = {
			isa = PBXNativeTarget;
			buildConfigurationList = F151DEEC2E11CB1600B8920F /* Build configuration list for PBXNativeTarget "LivePhotos" */;
			buildPhases = (
				F151DEC22E11CB1300B8920F /* Sources */,
				F151DEC32E11CB1300B8920F /* Frameworks */,
				F151DEC42E11CB1300B8920F /* Resources */,
			);
			buildRules = (
			);
			dependencies = (
			);
			fileSystemSynchronizedGroups = (
				F151DEC82E11CB1300B8920F /* LivePhotos */,
			);
			name = LivePhotos;
			packageProductDependencies = (
			);
			productName = LivePhotos;
			productReference = F151DEC62E11CB1300B8920F /* LivePhotos.app */;
			productType = "com.apple.product-type.application";
		};
		F151DED72E11CB1600B8920F /* LivePhotosTests */ = {
			isa = PBXNativeTarget;
			buildConfigurationList = F151DEEF2E11CB1600B8920F /* Build configuration list for PBXNativeTarget "LivePhotosTests" */;
			buildPhases = (
				F151DED42E11CB1600B8920F /* Sources */,
				F151DED52E11CB1600B8920F /* Frameworks */,
				F151DED62E11CB1600B8920F /* Resources */,
			);
			buildRules = (
			);
			dependencies = (
				F151DEDA2E11CB1600B8920F /* PBXTargetDependency */,
			);
			name = LivePhotosTests;
			packageProductDependencies = (
			);
			productName = LivePhotosTests;
			productReference = F151DED82E11CB1600B8920F /* LivePhotosTests.xctest */;
			productType = "com.apple.product-type.bundle.unit-test";
		};
		F151DEE12E11CB1600B8920F /* LivePhotosUITests */ = {
			isa = PBXNativeTarget;
			buildConfigurationList = F151DEF22E11CB1600B8920F /* Build configuration list for PBXNativeTarget "LivePhotosUITests" */;
			buildPhases = (
				F151DEDE2E11CB1600B8920F /* Sources */,
				F151DEDF2E11CB1600B8920F /* Frameworks */,
				F151DEE02E11CB1600B8920F /* Resources */,
			);
			buildRules = (
			);
			dependencies = (
				F151DEE42E11CB1600B8920F /* PBXTargetDependency */,
			);
			name = LivePhotosUITests;
			packageProductDependencies = (
			);
			productName = LivePhotosUITests;
			productReference = F151DEE22E11CB1600B8920F /* LivePhotosUITests.xctest */;
			productType = "com.apple.product-type.bundle.ui-testing";
		};
/* End PBXNativeTarget section */

/* Begin PBXProject section */
		F151DEBE2E11CB1300B8920F /* Project object */ = {
			isa = PBXProject;
			attributes = {
				BuildIndependentTargetsInParallel = 1;
				LastSwiftUpdateCheck = 1610;
				LastUpgradeCheck = 1610;
				TargetAttributes = {
					F151DEC52E11CB1300B8920F = {
						CreatedOnToolsVersion = 16.1;
					};
					F151DED72E11CB1600B8920F = {
						CreatedOnToolsVersion = 16.1;
						TestTargetID = F151DEC52E11CB1300B8920F;
					};
					F151DEE12E11CB1600B8920F = {
						CreatedOnToolsVersion = 16.1;
						TestTargetID = F151DEC52E11CB1300B8920F;
					};
				};
			};
			buildConfigurationList = F151DEC12E11CB1300B8920F /* Build configuration list for PBXProject "LivePhotos" */;
			developmentRegion = en;
			hasScannedForEncodings = 0;
			knownRegions = (
				en,
				Base,
			);
			mainGroup = F151DEBD2E11CB1300B8920F;
			minimizedProjectReferenceProxies = 1;
			preferredProjectObjectVersion = 77;
			productRefGroup = F151DEC72E11CB1300B8920F /* Products */;
			projectDirPath = "";
			projectRoot = "";
			targets = (
				F151DEC52E11CB1300B8920F /* LivePhotos */,
				F151DED72E11CB1600B8920F /* LivePhotosTests */,
				F151DEE12E11CB1600B8920F /* LivePhotosUITests */,
			);
		};
/* End PBXProject section */

/* Begin PBXResourcesBuildPhase section */
		F151DEC42E11CB1300B8920F /* Resources */ = {
			isa = PBXResourcesBuildPhase;
			buildActionMask = 2147483647;
			files = (
			);
			runOnlyForDeploymentPostprocessing = 0;
		};
		F151DED62E11CB1600B8920F /* Resources */ = {
			isa = PBXResourcesBuildPhase;
			buildActionMask = 2147483647;
			files = (
			);
			runOnlyForDeploymentPostprocessing = 0;
		};
		F151DEE02E11CB1600B8920F /* Resources */ = {
			isa = PBXResourcesBuildPhase;
			buildActionMask = 2147483647;
			files = (
			);
			runOnlyForDeploymentPostprocessing = 0;
		};
/* End PBXResourcesBuildPhase section */

/* Begin PBXSourcesBuildPhase section */
		F151DEC22E11CB1300B8920F /* Sources */ = {
			isa = PBXSourcesBuildPhase;
			buildActionMask = 2147483647;
			files = (
			);
			runOnlyForDeploymentPostprocessing = 0;
		};
		F151DED42E11CB1600B8920F /* Sources */ = {
			isa = PBXSourcesBuildPhase;
			buildActionMask = 2147483647;
			files = (
			);
			runOnlyForDeploymentPostprocessing = 0;
		};
		F151DEDE2E11CB1600B8920F /* Sources */ = {
			isa = PBXSourcesBuildPhase;
			buildActionMask = 2147483647;
			files = (
			);
			runOnlyForDeploymentPostprocessing = 0;
		};
/* End PBXSourcesBuildPhase section */

/* Begin PBXTargetDependency section */
		F151DEDA2E11CB1600B8920F /* PBXTargetDependency */ = {
			isa = PBXTargetDependency;
			target = F151DEC52E11CB1300B8920F /* LivePhotos */;
			targetProxy = F151DED92E11CB1600B8920F /* PBXContainerItemProxy */;
		};
		F151DEE42E11CB1600B8920F /* PBXTargetDependency */ = {
			isa = PBXTargetDependency;
			target = F151DEC52E11CB1300B8920F /* LivePhotos */;
			targetProxy = F151DEE32E11CB1600B8920F /* PBXContainerItemProxy */;
		};
/* End PBXTargetDependency section */

/* Begin XCBuildConfiguration section */
		F151DEEA2E11CB1600B8920F /* Debug */ = {
			isa = XCBuildConfiguration;
			buildSettings = {
				ALWAYS_SEARCH_USER_PATHS = NO;
				ASSETCATALOG_COMPILER_GENERATE_SWIFT_ASSET_SYMBOL_EXTENSIONS = YES;
				CLANG_ANALYZER_NONNULL = YES;
				CLANG_ANALYZER_NUMBER_OBJECT_CONVERSION = YES_AGGRESSIVE;
				CLANG_CXX_LANGUAGE_STANDARD = "gnu++20";
				CLANG_ENABLE_MODULES = YES;
				CLANG_ENABLE_OBJC_ARC = YES;
				CLANG_ENABLE_OBJC_WEAK = YES;
				CLANG_WARN_BLOCK_CAPTURE_AUTORELEASING = YES;
				CLANG_WARN_BOOL_CONVERSION = YES;
				CLANG_WARN_COMMA = YES;
				CLANG_WARN_CONSTANT_CONVERSION = YES;
				CLANG_WARN_DEPRECATED_OBJC_IMPLEMENTATIONS = YES;
				CLANG_WARN_DIRECT_OBJC_ISA_USAGE = YES_ERROR;
				CLANG_WARN_DOCUMENTATION_COMMENTS = YES;
				CLANG_WARN_EMPTY_BODY = YES;
				CLANG_WARN_ENUM_CONVERSION = YES;
				CLANG_WARN_INFINITE_RECURSION = YES;
				CLANG_WARN_INT_CONVERSION = YES;
				CLANG_WARN_NON_LITERAL_NULL_CONVERSION = YES;
				CLANG_WARN_OBJC_IMPLICIT_RETAIN_SELF = YES;
				CLANG_WARN_OBJC_LITERAL_CONVERSION = YES;
				CLANG_WARN_OBJC_ROOT_CLASS = YES_ERROR;
				CLANG_WARN_QUOTED_INCLUDE_IN_FRAMEWORK_HEADER = YES;
				CLANG_WARN_RANGE_LOOP_ANALYSIS = YES;
				CLANG_WARN_STRICT_PROTOTYPES = YES;
				CLANG_WARN_SUSPICIOUS_MOVE = YES;
				CLANG_WARN_UNGUARDED_AVAILABILITY = YES_AGGRESSIVE;
				CLANG_WARN_UNREACHABLE_CODE = YES;
				CLANG_WARN__DUPLICATE_METHOD_MATCH = YES;
				COPY_PHASE_STRIP = NO;
				DEBUG_INFORMATION_FORMAT = dwarf;
				ENABLE_STRICT_OBJC_MSGSEND = YES;
				ENABLE_TESTABILITY = YES;
				ENABLE_USER_SCRIPT_SANDBOXING = YES;
				GCC_C_LANGUAGE_STANDARD = gnu17;
				GCC_DYNAMIC_NO_PIC = NO;
				GCC_NO_COMMON_BLOCKS = YES;
				GCC_OPTIMIZATION_LEVEL = 0;
				GCC_PREPROCESSOR_DEFINITIONS = (
					"DEBUG=1",
					"$(inherited)",
				);
				GCC_WARN_64_TO_32_BIT_CONVERSION = YES;
				GCC_WARN_ABOUT_RETURN_TYPE = YES_ERROR;
				GCC_WARN_UNDECLARED_SELECTOR = YES;
				GCC_WARN_UNINITIALIZED_AUTOS = YES_AGGRESSIVE;
				GCC_WARN_UNUSED_FUNCTION = YES;
				GCC_WARN_UNUSED_VARIABLE = YES;
				IPHONEOS_DEPLOYMENT_TARGET = 18.1;
				LOCALIZATION_PREFERS_STRING_CATALOGS = YES;
				MTL_ENABLE_DEBUG_INFO = INCLUDE_SOURCE;
				MTL_FAST_MATH = YES;
				ONLY_ACTIVE_ARCH = YES;
				SDKROOT = iphoneos;
				SWIFT_ACTIVE_COMPILATION_CONDITIONS = "DEBUG $(inherited)";
				SWIFT_OPTIMIZATION_LEVEL = "-Onone";
			};
			name = Debug;
		};
		F151DEEB2E11CB1600B8920F /* Release */ = {
			isa = XCBuildConfiguration;
			buildSettings = {
				ALWAYS_SEARCH_USER_PATHS = NO;
				ASSETCATALOG_COMPILER_GENERATE_SWIFT_ASSET_SYMBOL_EXTENSIONS = YES;
				CLANG_ANALYZER_NONNULL = YES;
				CLANG_ANALYZER_NUMBER_OBJECT_CONVERSION = YES_AGGRESSIVE;
				CLANG_CXX_LANGUAGE_STANDARD = "gnu++20";
				CLANG_ENABLE_MODULES = YES;
				CLANG_ENABLE_OBJC_ARC = YES;
				CLANG_ENABLE_OBJC_WEAK = YES;
				CLANG_WARN_BLOCK_CAPTURE_AUTORELEASING = YES;
				CLANG_WARN_BOOL_CONVERSION = YES;
				CLANG_WARN_COMMA = YES;
				CLANG_WARN_CONSTANT_CONVERSION = YES;
				CLANG_WARN_DEPRECATED_OBJC_IMPLEMENTATIONS = YES;
				CLANG_WARN_DIRECT_OBJC_ISA_USAGE = YES_ERROR;
				CLANG_WARN_DOCUMENTATION_COMMENTS = YES;
				CLANG_WARN_EMPTY_BODY = YES;
				CLANG_WARN_ENUM_CONVERSION = YES;
				CLANG_WARN_INFINITE_RECURSION = YES;
				CLANG_WARN_INT_CONVERSION = YES;
				CLANG_WARN_NON_LITERAL_NULL_CONVERSION = YES;
				CLANG_WARN_OBJC_IMPLICIT_RETAIN_SELF = YES;
				CLANG_WARN_OBJC_LITERAL_CONVERSION = YES;
				CLANG_WARN_OBJC_ROOT_CLASS = YES_ERROR;
				CLANG_WARN_QUOTED_INCLUDE_IN_FRAMEWORK_HEADER = YES;
				CLANG_WARN_RANGE_LOOP_ANALYSIS = YES;
				CLANG_WARN_STRICT_PROTOTYPES = YES;
				CLANG_WARN_SUSPICIOUS_MOVE = YES;
				CLANG_WARN_UNGUARDED_AVAILABILITY = YES_AGGRESSIVE;
				CLANG_WARN_UNREACHABLE_CODE = YES;
				CLANG_WARN__DUPLICATE_METHOD_MATCH = YES;
				COPY_PHASE_STRIP = NO;
				DEBUG_INFORMATION_FORMAT = "dwarf-with-dsym";
				ENABLE_NS_ASSERTIONS = NO;
				ENABLE_STRICT_OBJC_MSGSEND = YES;
				ENABLE_USER_SCRIPT_SANDBOXING = YES;
				GCC_C_LANGUAGE_STANDARD = gnu17;
				GCC_NO_COMMON_BLOCKS = YES;
				GCC_WARN_64_TO_32_BIT_CONVERSION = YES;
				GCC_WARN_ABOUT_RETURN_TYPE = YES_ERROR;
				GCC_WARN_UNDECLARED_SELECTOR = YES;
				GCC_WARN_UNINITIALIZED_AUTOS = YES_AGGRESSIVE;
				GCC_WARN_UNUSED_FUNCTION = YES;
				GCC_WARN_UNUSED_VARIABLE = YES;
				IPHONEOS_DEPLOYMENT_TARGET = 18.1;
				LOCALIZATION_PREFERS_STRING_CATALOGS = YES;
				MTL_ENABLE_DEBUG_INFO = NO;
				MTL_FAST_MATH = YES;
				SDKROOT = iphoneos;
				SWIFT_COMPILATION_MODE = wholemodule;
				VALIDATE_PRODUCT = YES;
			};
			name = Release;
		};
		F151DEED2E11CB1600B8920F /* Debug */ = {
			isa = XCBuildConfiguration;
			buildSettings = {
				ASSETCATALOG_COMPILER_APPICON_NAME = AppIcon;
				ASSETCATALOG_COMPILER_GLOBAL_ACCENT_COLOR_NAME = AccentColor;
				CODE_SIGN_STYLE = Automatic;
				CURRENT_PROJECT_VERSION = 1;
				DEVELOPMENT_ASSET_PATHS = "\"LivePhotos/Preview Content\"";
				DEVELOPMENT_TEAM = QVDQ798FK9;
				ENABLE_PREVIEWS = YES;
				GENERATE_INFOPLIST_FILE = YES;
				INFOPLIST_FILE = LivePhotos/Info.plist;
				INFOPLIST_KEY_UIApplicationSceneManifest_Generation = YES;
				INFOPLIST_KEY_UIApplicationSupportsIndirectInputEvents = YES;
				INFOPLIST_KEY_UILaunchScreen_Generation = YES;
				INFOPLIST_KEY_UISupportedInterfaceOrientations_iPad = "UIInterfaceOrientationPortrait UIInterfaceOrientationPortraitUpsideDown UIInterfaceOrientationLandscapeLeft UIInterfaceOrientationLandscapeRight";
				INFOPLIST_KEY_UISupportedInterfaceOrientations_iPhone = "UIInterfaceOrientationPortrait UIInterfaceOrientationLandscapeLeft UIInterfaceOrientationLandscapeRight";
				LD_RUNPATH_SEARCH_PATHS = (
					"$(inherited)",
					"@executable_path/Frameworks",
				);
				MARKETING_VERSION = 1.0;
				PRODUCT_BUNDLE_IDENTIFIER = dev.olorin.photos.LivePhotos;
				PRODUCT_NAME = "$(TARGET_NAME)";
				SWIFT_EMIT_LOC_STRINGS = YES;
				SWIFT_VERSION = 5.0;
				TARGETED_DEVICE_FAMILY = "1,2";
			};
			name = Debug;
		};
		F151DEEE2E11CB1600B8920F /* Release */ = {
			isa = XCBuildConfiguration;
			buildSettings = {
				ASSETCATALOG_COMPILER_APPICON_NAME = AppIcon;
				ASSETCATALOG_COMPILER_GLOBAL_ACCENT_COLOR_NAME = AccentColor;
				CODE_SIGN_STYLE = Automatic;
				CURRENT_PROJECT_VERSION = 1;
				DEVELOPMENT_ASSET_PATHS = "\"LivePhotos/Preview Content\"";
				DEVELOPMENT_TEAM = QVDQ798FK9;
				ENABLE_PREVIEWS = YES;
				GENERATE_INFOPLIST_FILE = YES;
				INFOPLIST_FILE = LivePhotos/Info.plist;
				INFOPLIST_KEY_UIApplicationSceneManifest_Generation = YES;
				INFOPLIST_KEY_UIApplicationSupportsIndirectInputEvents = YES;
				INFOPLIST_KEY_UILaunchScreen_Generation = YES;
				INFOPLIST_KEY_UISupportedInterfaceOrientations_iPad = "UIInterfaceOrientationPortrait UIInterfaceOrientationPortraitUpsideDown UIInterfaceOrientationLandscapeLeft UIInterfaceOrientationLandscapeRight";
				INFOPLIST_KEY_UISupportedInterfaceOrientations_iPhone = "UIInterfaceOrientationPortrait UIInterfaceOrientationLandscapeLeft UIInterfaceOrientationLandscapeRight";
				LD_RUNPATH_SEARCH_PATHS = (
					"$(inherited)",
					"@executable_path/Frameworks",
				);
				MARKETING_VERSION = 1.0;
				PRODUCT_BUNDLE_IDENTIFIER = dev.olorin.photos.LivePhotos;
				PRODUCT_NAME = "$(TARGET_NAME)";
				SWIFT_EMIT_LOC_STRINGS = YES;
				SWIFT_VERSION = 5.0;
				TARGETED_DEVICE_FAMILY = "1,2";
			};
			name = Release;
		};
		F151DEF02E11CB1600B8920F /* Debug */ = {
			isa = XCBuildConfiguration;
			buildSettings = {
				BUNDLE_LOADER = "$(TEST_HOST)";
				CODE_SIGN_STYLE = Automatic;
				CURRENT_PROJECT_VERSION = 1;
				DEVELOPMENT_TEAM = QVDQ798FK9;
				GENERATE_INFOPLIST_FILE = YES;
				IPHONEOS_DEPLOYMENT_TARGET = 18.1;
				MARKETING_VERSION = 1.0;
				PRODUCT_BUNDLE_IDENTIFIER = dev.olorin.photos.LivePhotosTests;
				PRODUCT_NAME = "$(TARGET_NAME)";
				SWIFT_EMIT_LOC_STRINGS = NO;
				SWIFT_VERSION = 5.0;
				TARGETED_DEVICE_FAMILY = "1,2";
				TEST_HOST = "$(BUILT_PRODUCTS_DIR)/LivePhotos.app/$(BUNDLE_EXECUTABLE_FOLDER_PATH)/LivePhotos";
			};
			name = Debug;
		};
		F151DEF12E11CB1600B8920F /* Release */ = {
			isa = XCBuildConfiguration;
			buildSettings = {
				BUNDLE_LOADER = "$(TEST_HOST)";
				CODE_SIGN_STYLE = Automatic;
				CURRENT_PROJECT_VERSION = 1;
				DEVELOPMENT_TEAM = QVDQ798FK9;
				GENERATE_INFOPLIST_FILE = YES;
				IPHONEOS_DEPLOYMENT_TARGET = 18.1;
				MARKETING_VERSION = 1.0;
				PRODUCT_BUNDLE_IDENTIFIER = dev.olorin.photos.LivePhotosTests;
				PRODUCT_NAME = "$(TARGET_NAME)";
				SWIFT_EMIT_LOC_STRINGS = NO;
				SWIFT_VERSION = 5.0;
				TARGETED_DEVICE_FAMILY = "1,2";
				TEST_HOST = "$(BUILT_PRODUCTS_DIR)/LivePhotos.app/$(BUNDLE_EXECUTABLE_FOLDER_PATH)/LivePhotos";
			};
			name = Release;
		};
		F151DEF32E11CB1600B8920F /* Debug */ = {
			isa = XCBuildConfiguration;
			buildSettings = {
				CODE_SIGN_STYLE = Automatic;
				CURRENT_PROJECT_VERSION = 1;
				DEVELOPMENT_TEAM = QVDQ798FK9;
				GENERATE_INFOPLIST_FILE = YES;
				MARKETING_VERSION = 1.0;
				PRODUCT_BUNDLE_IDENTIFIER = dev.olorin.photos.LivePhotosUITests;
				PRODUCT_NAME = "$(TARGET_NAME)";
				SWIFT_EMIT_LOC_STRINGS = NO;
				SWIFT_VERSION = 5.0;
				TARGETED_DEVICE_FAMILY = "1,2";
				TEST_TARGET_NAME = LivePhotos;
			};
			name = Debug;
		};
		F151DEF42E11CB1600B8920F /* Release */ = {
			isa = XCBuildConfiguration;
			buildSettings = {
				CODE_SIGN_STYLE = Automatic;
				CURRENT_PROJECT_VERSION = 1;
				DEVELOPMENT_TEAM = QVDQ798FK9;
				GENERATE_INFOPLIST_FILE = YES;
				MARKETING_VERSION = 1.0;
				PRODUCT_BUNDLE_IDENTIFIER = dev.olorin.photos.LivePhotosUITests;
				PRODUCT_NAME = "$(TARGET_NAME)";
				SWIFT_EMIT_LOC_STRINGS = NO;
				SWIFT_VERSION = 5.0;
				TARGETED_DEVICE_FAMILY = "1,2";
				TEST_TARGET_NAME = LivePhotos;
			};
			name = Release;
		};
/* End XCBuildConfiguration section */

/* Begin XCConfigurationList section */
		F151DEC12E11CB1300B8920F /* Build configuration list for PBXProject "LivePhotos" */ = {
			isa = XCConfigurationList;
			buildConfigurations = (
				F151DEEA2E11CB1600B8920F /* Debug */,
				F151DEEB2E11CB1600B8920F /* Release */,
			);
			defaultConfigurationIsVisible = 0;
			defaultConfigurationName = Release;
		};
		F151DEEC2E11CB1600B8920F /* Build configuration list for PBXNativeTarget "LivePhotos" */ = {
			isa = XCConfigurationList;
			buildConfigurations = (
				F151DEED2E11CB1600B8920F /* Debug */,
				F151DEEE2E11CB1600B8920F /* Release */,
			);
			defaultConfigurationIsVisible = 0;
			defaultConfigurationName = Release;
		};
		F151DEEF2E11CB1600B8920F /* Build configuration list for PBXNativeTarget "LivePhotosTests" */ = {
			isa = XCConfigurationList;
			buildConfigurations = (
				F151DEF02E11CB1600B8920F /* Debug */,
				F151DEF12E11CB1600B8920F /* Release */,
			);
			defaultConfigurationIsVisible = 0;
			defaultConfigurationName = Release;
		};
		F151DEF22E11CB1600B8920F /* Build configuration list for PBXNativeTarget "LivePhotosUITests" */ = {
			isa = XCConfigurationList;
			buildConfigurations = (
				F151DEF32E11CB1600B8920F /* Debug */,
				F151DEF42E11CB1600B8920F /* Release */,
			);
			defaultConfigurationIsVisible = 0;
			defaultConfigurationName = Release;
		};
/* End XCConfigurationList section */
	};
	rootObject = F151DEBE2E11CB1300B8920F /* Project object */;
}
